
Microsoft Visual Studio Solution File, Format Version 12.00
# Visual Studio Version 17
VisualStudioVersion = 17.3.32708.82
MinimumVisualStudioVersion = 10.0.40219.1
Project("{2150E333-8FDC-42A3-9474-1A3956D46DE8}") = "src", "src", "{C44CE6EC-2057-4368-A6EC-A71C9489A103}"
EndProject
Project("{2150E333-8FDC-42A3-9474-1A3956D46DE8}") = "Building Blocks", "Building Blocks", "{21802EAD-E03A-4CDA-84EE-2247265BEC94}"
EndProject
Project("{2150E333-8FDC-42A3-9474-1A3956D46DE8}") = "Services", "Services", "{A3C6BDD4-AEAA-4999-8AE6-0DD979677077}"
EndProject
Project("{2150E333-8FDC-42A3-9474-1A3956D46DE8}") = "Web", "Web", "{3EF228F7-9762-4A98-B338-D17D27BB0174}"
EndProject
Project("{2150E333-8FDC-42A3-9474-1A3956D46DE8}") = "Identity", "Identity", "{0A116FD2-116E-4655-894F-F24AA43F7B22}"
EndProject
Project("{FAE04EC0-301F-11D3-BF4B-00C04F79EFBC}") = "NSE.Identity.API", "src\services\NSE.Identity.API\NSE.Identity.API.csproj", "{611137D0-8F4B-452C-A6BA-B04065CCB9AF}"
EndProject
Project("{2150E333-8FDC-42A3-9474-1A3956D46DE8}") = "MVC", "MVC", "{0FD5B0DD-3385-4716-917E-CD95E5D4AB61}"
EndProject
Project("{FAE04EC0-301F-11D3-BF4B-00C04F79EFBC}") = "NSE.WebApp.MVC", "src\web\NSE.WebApp.MVC\NSE.WebApp.MVC.csproj", "{364E8CAB-EB05-45BA-B17A-DD3D6770AF32}"
EndProject
Project("{2150E333-8FDC-42A3-9474-1A3956D46DE8}") = "Core", "Core", "{10498D37-E0B8-4BF0-A6E6-5E9713F7D36B}"
EndProject
Project("{FAE04EC0-301F-11D3-BF4B-00C04F79EFBC}") = "NSE.Core", "src\building-blocks\NSE.Core\NSE.Core.csproj", "{E12EC3B6-3086-4984-A6B5-76EA45E6108F}"
EndProject
Project("{2150E333-8FDC-42A3-9474-1A3956D46DE8}") = "ShoppingCart", "ShoppingCart", "{FEA96973-5232-404C-ACE8-0C776609496E}"
EndProject
Project("{2150E333-8FDC-42A3-9474-1A3956D46DE8}") = "Catalog", "Catalog", "{107DB6DF-5E4F-495D-A0AC-2E3822FBAF7B}"
EndProject
Project("{2150E333-8FDC-42A3-9474-1A3956D46DE8}") = "Client", "Client", "{338F8FB9-0BD8-4E16-AE9A-502AA34EDB90}"
EndProject
Project("{2150E333-8FDC-42A3-9474-1A3956D46DE8}") = "Payment", "Payment", "{314D0332-696F-4EA1-A013-0BF0A4E0AEC2}"
EndProject
Project("{2150E333-8FDC-42A3-9474-1A3956D46DE8}") = "Request", "Request", "{280A1FCF-9D90-4F63-B136-13B956059D6C}"
EndProject
Project("{FAE04EC0-301F-11D3-BF4B-00C04F79EFBC}") = "NSE.Client.API", "src\services\NSE.Client.API\NSE.Client.API.csproj", "{C579FF70-C5A8-4899-AE6F-E4E37D6314BC}"
EndProject
Project("{FAE04EC0-301F-11D3-BF4B-00C04F79EFBC}") = "NSE.Payment.API", "src\services\NSE.Payment.API\NSE.Payment.API.csproj", "{D75F0D6C-85AF-47A3-AFF2-A3CFCE2B8FBF}"
EndProject
Project("{FAE04EC0-301F-11D3-BF4B-00C04F79EFBC}") = "NSE.Request.API", "src\services\NSE.Request.API\NSE.Request.API.csproj", "{1A62EC84-DF52-49D1-8196-58BF28CEE9CC}"
EndProject
Project("{FAE04EC0-301F-11D3-BF4B-00C04F79EFBC}") = "NSE.Catalog.API", "src\services\NSE.Catalog.API\NSE.Catalog.API.csproj", "{2FE718E0-3B0B-475F-A8BD-3A01CA31170D}"
EndProject
Project("{FAE04EC0-301F-11D3-BF4B-00C04F79EFBC}") = "NSE.ShoppingCart.API", "src\services\NSE.ShoppingCart.API\NSE.ShoppingCart.API.csproj", "{62B5E143-D1AB-4BC8-876D-4A5389B07FF4}"
EndProject
Global
	GlobalSection(SolutionConfigurationPlatforms) = preSolution
		Debug|Any CPU = Debug|Any CPU
		Release|Any CPU = Release|Any CPU
	EndGlobalSection
	GlobalSection(ProjectConfigurationPlatforms) = postSolution
		{611137D0-8F4B-452C-A6BA-B04065CCB9AF}.Debug|Any CPU.ActiveCfg = Debug|Any CPU
		{611137D0-8F4B-452C-A6BA-B04065CCB9AF}.Debug|Any CPU.Build.0 = Debug|Any CPU
		{611137D0-8F4B-452C-A6BA-B04065CCB9AF}.Release|Any CPU.ActiveCfg = Release|Any CPU
		{611137D0-8F4B-452C-A6BA-B04065CCB9AF}.Release|Any CPU.Build.0 = Release|Any CPU
		{364E8CAB-EB05-45BA-B17A-DD3D6770AF32}.Debug|Any CPU.ActiveCfg = Debug|Any CPU
		{364E8CAB-EB05-45BA-B17A-DD3D6770AF32}.Debug|Any CPU.Build.0 = Debug|Any CPU
		{364E8CAB-EB05-45BA-B17A-DD3D6770AF32}.Release|Any CPU.ActiveCfg = Release|Any CPU
		{364E8CAB-EB05-45BA-B17A-DD3D6770AF32}.Release|Any CPU.Build.0 = Release|Any CPU
		{E12EC3B6-3086-4984-A6B5-76EA45E6108F}.Debug|Any CPU.ActiveCfg = Debug|Any CPU
		{E12EC3B6-3086-4984-A6B5-76EA45E6108F}.Debug|Any CPU.Build.0 = Debug|Any CPU
		{E12EC3B6-3086-4984-A6B5-76EA45E6108F}.Release|Any CPU.ActiveCfg = Release|Any CPU
		{E12EC3B6-3086-4984-A6B5-76EA45E6108F}.Release|Any CPU.Build.0 = Release|Any CPU
		{C579FF70-C5A8-4899-AE6F-E4E37D6314BC}.Debug|Any CPU.ActiveCfg = Debug|Any CPU
		{C579FF70-C5A8-4899-AE6F-E4E37D6314BC}.Debug|Any CPU.Build.0 = Debug|Any CPU
		{C579FF70-C5A8-4899-AE6F-E4E37D6314BC}.Release|Any CPU.ActiveCfg = Release|Any CPU
		{C579FF70-C5A8-4899-AE6F-E4E37D6314BC}.Release|Any CPU.Build.0 = Release|Any CPU
		{D75F0D6C-85AF-47A3-AFF2-A3CFCE2B8FBF}.Debug|Any CPU.ActiveCfg = Debug|Any CPU
		{D75F0D6C-85AF-47A3-AFF2-A3CFCE2B8FBF}.Debug|Any CPU.Build.0 = Debug|Any CPU
		{D75F0D6C-85AF-47A3-AFF2-A3CFCE2B8FBF}.Release|Any CPU.ActiveCfg = Release|Any CPU
		{D75F0D6C-85AF-47A3-AFF2-A3CFCE2B8FBF}.Release|Any CPU.Build.0 = Release|Any CPU
		{1A62EC84-DF52-49D1-8196-58BF28CEE9CC}.Debug|Any CPU.ActiveCfg = Debug|Any CPU
		{1A62EC84-DF52-49D1-8196-58BF28CEE9CC}.Debug|Any CPU.Build.0 = Debug|Any CPU
		{1A62EC84-DF52-49D1-8196-58BF28CEE9CC}.Release|Any CPU.ActiveCfg = Release|Any CPU
		{1A62EC84-DF52-49D1-8196-58BF28CEE9CC}.Release|Any CPU.Build.0 = Release|Any CPU
		{2FE718E0-3B0B-475F-A8BD-3A01CA31170D}.Debug|Any CPU.ActiveCfg = Debug|Any CPU
		{2FE718E0-3B0B-475F-A8BD-3A01CA31170D}.Debug|Any CPU.Build.0 = Debug|Any CPU
		{2FE718E0-3B0B-475F-A8BD-3A01CA31170D}.Release|Any CPU.ActiveCfg = Release|Any CPU
		{2FE718E0-3B0B-475F-A8BD-3A01CA31170D}.Release|Any CPU.Build.0 = Release|Any CPU
		{62B5E143-D1AB-4BC8-876D-4A5389B07FF4}.Debug|Any CPU.ActiveCfg = Debug|Any CPU
		{62B5E143-D1AB-4BC8-876D-4A5389B07FF4}.Debug|Any CPU.Build.0 = Debug|Any CPU
		{62B5E143-D1AB-4BC8-876D-4A5389B07FF4}.Release|Any CPU.ActiveCfg = Release|Any CPU
		{62B5E143-D1AB-4BC8-876D-4A5389B07FF4}.Release|Any CPU.Build.0 = Release|Any CPU
	EndGlobalSection
	GlobalSection(SolutionProperties) = preSolution
		HideSolutionNode = FALSE
	EndGlobalSection
	GlobalSection(NestedProjects) = preSolution
		{21802EAD-E03A-4CDA-84EE-2247265BEC94} = {C44CE6EC-2057-4368-A6EC-A71C9489A103}
		{A3C6BDD4-AEAA-4999-8AE6-0DD979677077} = {C44CE6EC-2057-4368-A6EC-A71C9489A103}
		{3EF228F7-9762-4A98-B338-D17D27BB0174} = {C44CE6EC-2057-4368-A6EC-A71C9489A103}
		{0A116FD2-116E-4655-894F-F24AA43F7B22} = {A3C6BDD4-AEAA-4999-8AE6-0DD979677077}
		{611137D0-8F4B-452C-A6BA-B04065CCB9AF} = {0A116FD2-116E-4655-894F-F24AA43F7B22}
		{0FD5B0DD-3385-4716-917E-CD95E5D4AB61} = {3EF228F7-9762-4A98-B338-D17D27BB0174}
		{364E8CAB-EB05-45BA-B17A-DD3D6770AF32} = {0FD5B0DD-3385-4716-917E-CD95E5D4AB61}
		{10498D37-E0B8-4BF0-A6E6-5E9713F7D36B} = {21802EAD-E03A-4CDA-84EE-2247265BEC94}
		{E12EC3B6-3086-4984-A6B5-76EA45E6108F} = {10498D37-E0B8-4BF0-A6E6-5E9713F7D36B}
		{FEA96973-5232-404C-ACE8-0C776609496E} = {A3C6BDD4-AEAA-4999-8AE6-0DD979677077}
		{107DB6DF-5E4F-495D-A0AC-2E3822FBAF7B} = {A3C6BDD4-AEAA-4999-8AE6-0DD979677077}
		{338F8FB9-0BD8-4E16-AE9A-502AA34EDB90} = {A3C6BDD4-AEAA-4999-8AE6-0DD979677077}
		{314D0332-696F-4EA1-A013-0BF0A4E0AEC2} = {A3C6BDD4-AEAA-4999-8AE6-0DD979677077}
		{280A1FCF-9D90-4F63-B136-13B956059D6C} = {A3C6BDD4-AEAA-4999-8AE6-0DD979677077}
		{C579FF70-C5A8-4899-AE6F-E4E37D6314BC} = {338F8FB9-0BD8-4E16-AE9A-502AA34EDB90}
		{D75F0D6C-85AF-47A3-AFF2-A3CFCE2B8FBF} = {314D0332-696F-4EA1-A013-0BF0A4E0AEC2}
		{1A62EC84-DF52-49D1-8196-58BF28CEE9CC} = {280A1FCF-9D90-4F63-B136-13B956059D6C}
		{2FE718E0-3B0B-475F-A8BD-3A01CA31170D} = {107DB6DF-5E4F-495D-A0AC-2E3822FBAF7B}
		{62B5E143-D1AB-4BC8-876D-4A5389B07FF4} = {FEA96973-5232-404C-ACE8-0C776609496E}
	EndGlobalSection
	GlobalSection(ExtensibilityGlobals) = postSolution
		SolutionGuid = {943E5E6E-42FF-476D-B5E0-750D733AA14E}
	EndGlobalSection
EndGlobal
